<?xml version="1.0" encoding="utf-8"?>
<Project ToolsVersion="4.0" xmlns="http://schemas.microsoft.com/developer/msbuild/2003">
  <ItemGroup>
    <Filter Include="Source Files">
      <UniqueIdentifier>{4FC737F1-C7A5-4376-A066-2A32D752A2FF}</UniqueIdentifier>
      <Extensions>cpp;c;cc;cxx;def;odl;idl;hpj;bat;asm;asmx</Extensions>
    </Filter>
    <Filter Include="Resource Files">
      <UniqueIdentifier>{67DA6AB6-F800-4c08-8B7A-83BB121AAD01}</UniqueIdentifier>
      <Extensions>rc;ico;cur;bmp;dlg;rc2;rct;bin;rgs;gif;jpg;jpeg;jpe;resx;tiff;tif;png;wav;mfcribbon-ms</Extensions>
    </Filter>
    <Filter Include="Source Files\external">
      <UniqueIdentifier>{83d7fbc8-c2ed-4dfc-872a-1bf7cebd8a09}</UniqueIdentifier>
    </Filter>
    <Filter Include="Source Files\external\Remotery">
      <UniqueIdentifier>{74b60d2a-15e1-49b5-b61b-d3281d7cec9e}</UniqueIdentifier>
    </Filter>
    <Filter Include="Source Files\external\octarine">
      <UniqueIdentifier>{7945257b-1a69-46a3-8d55-06db06bda3fa}</UniqueIdentifier>
    </Filter>
    <Filter Include="Source Files\shaders">
      <UniqueIdentifier>{c8a6e973-67a3-4f05-a83b-50e51a7641c8}</UniqueIdentifier>
    </Filter>
  </ItemGroup>
  <ItemGroup>
    <ClCompile Include="source\main.c">
      <Filter>Source Files</Filter>
    </ClCompile>
    <ClCompile Include="source\external\Remotery\Remotery.c">
      <Filter>Source Files\external\Remotery</Filter>
    </ClCompile>
    <ClCompile Include="source\passthrough_vs.c">
      <Filter>Source Files\shaders</Filter>
    </ClCompile>
    <ClCompile Include="source\basic_vs.c">
      <Filter>Source Files\shaders</Filter>
    </ClCompile>
    <ClCompile Include="source\basic_ps.c">
      <Filter>Source Files\shaders</Filter>
    </ClCompile>
    <ClCompile Include="source\passthrough_ps.c">
      <Filter>Source Files\shaders</Filter>
    </ClCompile>
    <ClCompile Include="source\vertex_lighting_vs.c">
      <Filter>Source Files\shaders</Filter>
    </ClCompile>
    <ClCompile Include="source\env_lighting_ps.c">
      <Filter>Source Files\shaders</Filter>
    </ClCompile>
    <ClCompile Include="source\fullscreen_vs.c">
      <Filter>Source Files\shaders</Filter>
    </ClCompile>
  </ItemGroup>
  <ItemGroup>
    <ClInclude Include="source\math.h">
      <Filter>Source Files</Filter>
    </ClInclude>
    <ClInclude Include="source\external\octarine\octarine_image.h">
      <Filter>Source Files\external\octarine</Filter>
    </ClInclude>
    <ClInclude Include="source\external\octarine\octarine_mesh.h">
      <Filter>Source Files\external\octarine</Filter>
    </ClInclude>
    <ClInclude Include="source\common_shader_core.h">
      <Filter>Source Files</Filter>
    </ClInclude>
  </ItemGroup>
</Project>